// !$*UTF8*$!
{
	archiveVersion = 1;
	classes = {
	};
	objectVersion = 55;
	objects = {

/* Begin PBXBuildFile section */
		8896B5F827E929A0005CC49D /* AppDelegate.swift in Sources */ = {isa = PBXBuildFile; fileRef = 8896B5F727E929A0005CC49D /* AppDelegate.swift */; };
		8896B5FA27E929A0005CC49D /* SceneDelegate.swift in Sources */ = {isa = PBXBuildFile; fileRef = 8896B5F927E929A0005CC49D /* SceneDelegate.swift */; };
		8896B5FC27E929A0005CC49D /* ViewController.swift in Sources */ = {isa = PBXBuildFile; fileRef = 8896B5FB27E929A0005CC49D /* ViewController.swift */; };
		8896B5FF27E929A0005CC49D /* Main.storyboard in Resources */ = {isa = PBXBuildFile; fileRef = 8896B5FD27E929A0005CC49D /* Main.storyboard */; };
		8896B60227E929A0005CC49D /* Profiles.xcdatamodeld in Sources */ = {isa = PBXBuildFile; fileRef = 8896B60027E929A0005CC49D /* Profiles.xcdatamodeld */; };
		8896B60427E929A1005CC49D /* Assets.xcassets in Resources */ = {isa = PBXBuildFile; fileRef = 8896B60327E929A1005CC49D /* Assets.xcassets */; };
		8896B60727E929A1005CC49D /* LaunchScreen.storyboard in Resources */ = {isa = PBXBuildFile; fileRef = 8896B60527E929A1005CC49D /* LaunchScreen.storyboard */; };
		8896B61327E92B38005CC49D /* UserCollectionViewCell.swift in Sources */ = {isa = PBXBuildFile; fileRef = 8896B61127E92B38005CC49D /* UserCollectionViewCell.swift */; };
		8896B61427E92B38005CC49D /* UserCollectionViewCell.xib in Resources */ = {isa = PBXBuildFile; fileRef = 8896B61227E92B38005CC49D /* UserCollectionViewCell.xib */; };
		8896B61727E92DD7005CC49D /* User.swift in Sources */ = {isa = PBXBuildFile; fileRef = 8896B61627E92DD7005CC49D /* User.swift */; };
		8896B61A27E9361A005CC49D /* Service.swift in Sources */ = {isa = PBXBuildFile; fileRef = 8896B61927E9361A005CC49D /* Service.swift */; };
/* End PBXBuildFile section */

/* Begin PBXFileReference section */
		8896B5F427E929A0005CC49D /* Profiles.app */ = {isa = PBXFileReference; explicitFileType = wrapper.application; includeInIndex = 0; path = Profiles.app; sourceTree = BUILT_PRODUCTS_DIR; };
		8896B5F727E929A0005CC49D /* AppDelegate.swift */ = {isa = PBXFileReference; lastKnownFileType = sourcecode.swift; path = AppDelegate.swift; sourceTree = "<group>"; };
		8896B5F927E929A0005CC49D /* SceneDelegate.swift */ = {isa = PBXFileReference; lastKnownFileType = sourcecode.swift; path = SceneDelegate.swift; sourceTree = "<group>"; };
		8896B5FB27E929A0005CC49D /* ViewController.swift */ = {isa = PBXFileReference; lastKnownFileType = sourcecode.swift; path = ViewController.swift; sourceTree = "<group>"; };
		8896B5FE27E929A0005CC49D /* Base */ = {isa = PBXFileReference; lastKnownFileType = file.storyboard; name = Base; path = Base.lproj/Main.storyboard; sourceTree = "<group>"; };
		8896B60127E929A0005CC49D /* Profiles.xcdatamodel */ = {isa = PBXFileReference; lastKnownFileType = wrapper.xcdatamodel; path = Profiles.xcdatamodel; sourceTree = "<group>"; };
		8896B60327E929A1005CC49D /* Assets.xcassets */ = {isa = PBXFileReference; lastKnownFileType = folder.assetcatalog; path = Assets.xcassets; sourceTree = "<group>"; };
		8896B60627E929A1005CC49D /* Base */ = {isa = PBXFileReference; lastKnownFileType = file.storyboard; name = Base; path = Base.lproj/LaunchScreen.storyboard; sourceTree = "<group>"; };
		8896B60827E929A1005CC49D /* Info.plist */ = {isa = PBXFileReference; lastKnownFileType = text.plist.xml; path = Info.plist; sourceTree = "<group>"; };
		8896B61127E92B38005CC49D /* UserCollectionViewCell.swift */ = {isa = PBXFileReference; lastKnownFileType = sourcecode.swift; path = UserCollectionViewCell.swift; sourceTree = "<group>"; };
		8896B61227E92B38005CC49D /* UserCollectionViewCell.xib */ = {isa = PBXFileReference; lastKnownFileType = file.xib; path = UserCollectionViewCell.xib; sourceTree = "<group>"; };
		8896B61627E92DD7005CC49D /* User.swift */ = {isa = PBXFileReference; lastKnownFileType = sourcecode.swift; path = User.swift; sourceTree = "<group>"; };
		8896B61927E9361A005CC49D /* Service.swift */ = {isa = PBXFileReference; lastKnownFileType = sourcecode.swift; path = Service.swift; sourceTree = "<group>"; };
/* End PBXFileReference section */

/* Begin PBXFrameworksBuildPhase section */
		8896B5F127E9299F005CC49D /* Frameworks */ = {
			isa = PBXFrameworksBuildPhase;
			buildActionMask = 2147483647;
			files = (
			);
			runOnlyForDeploymentPostprocessing = 0;
		};
/* End PBXFrameworksBuildPhase section */

/* Begin PBXGroup section */
		8896B5EB27E9299F005CC49D = {
			isa = PBXGroup;
			children = (
				8896B5F627E929A0005CC49D /* Profiles */,
				8896B5F527E929A0005CC49D /* Products */,
			);
			sourceTree = "<group>";
		};
		8896B5F527E929A0005CC49D /* Products */ = {
			isa = PBXGroup;
			children = (
				8896B5F427E929A0005CC49D /* Profiles.app */,
			);
			name = Products;
			sourceTree = "<group>";
		};
		8896B5F627E929A0005CC49D /* Profiles */ = {
			isa = PBXGroup;
			children = (
				8896B61827E9360B005CC49D /* Service */,
				8896B61527E92DBB005CC49D /* Model */,
				8896B61027E92AE3005CC49D /* Cell */,
				8896B5F727E929A0005CC49D /* AppDelegate.swift */,
				8896B5F927E929A0005CC49D /* SceneDelegate.swift */,
				8896B5FB27E929A0005CC49D /* ViewController.swift */,
				8896B5FD27E929A0005CC49D /* Main.storyboard */,
				8896B60327E929A1005CC49D /* Assets.xcassets */,
				8896B60527E929A1005CC49D /* LaunchScreen.storyboard */,
				8896B60827E929A1005CC49D /* Info.plist */,
				8896B60027E929A0005CC49D /* Profiles.xcdatamodeld */,
			);
			path = Profiles;
			sourceTree = "<group>";
		};
		8896B61027E92AE3005CC49D /* Cell */ = {
			isa = PBXGroup;
			children = (
				8896B61127E92B38005CC49D /* UserCollectionViewCell.swift */,
				8896B61227E92B38005CC49D /* UserCollectionViewCell.xib */,
			);
			path = Cell;
			sourceTree = "<group>";
		};
		8896B61527E92DBB005CC49D /* Model */ = {
			isa = PBXGroup;
			children = (
				8896B61627E92DD7005CC49D /* User.swift */,
			);
			path = Model;
			sourceTree = "<group>";
		};
		8896B61827E9360B005CC49D /* Service */ = {
			isa = PBXGroup;
			children = (
				8896B61927E9361A005CC49D /* Service.swift */,
			);
			path = Service;
			sourceTree = "<group>";
		};
/* End PBXGroup section */

/* Begin PBXNativeTarget section */
		8896B5F327E9299F005CC49D /* Profiles */ = {
			isa = PBXNativeTarget;
			buildConfigurationList = 8896B60B27E929A1005CC49D /* Build configuration list for PBXNativeTarget "Profiles" */;
			buildPhases = (
				8896B5F027E9299F005CC49D /* Sources */,
				8896B5F127E9299F005CC49D /* Frameworks */,
				8896B5F227E9299F005CC49D /* Resources */,
			);
			buildRules = (
			);
			dependencies = (
			);
			name = Profiles;
			productName = Profiles;
			productReference = 8896B5F427E929A0005CC49D /* Profiles.app */;
			productType = "com.apple.product-type.application";
		};
/* End PBXNativeTarget section */

/* Begin PBXProject section */
		8896B5EC27E9299F005CC49D /* Project object */ = {
			isa = PBXProject;
			attributes = {
				BuildIndependentTargetsInParallel = 1;
				LastSwiftUpdateCheck = 1320;
				LastUpgradeCheck = 1320;
				TargetAttributes = {
					8896B5F327E9299F005CC49D = {
						CreatedOnToolsVersion = 13.2.1;
					};
				};
			};
			buildConfigurationList = 8896B5EF27E9299F005CC49D /* Build configuration list for PBXProject "Profiles" */;
			compatibilityVersion = "Xcode 13.0";
			developmentRegion = en;
			hasScannedForEncodings = 0;
			knownRegions = (
				en,
				Base,
			);
			mainGroup = 8896B5EB27E9299F005CC49D;
			productRefGroup = 8896B5F527E929A0005CC49D /* Products */;
			projectDirPath = "";
			projectRoot = "";
			targets = (
				8896B5F327E9299F005CC49D /* Profiles */,
			);
		};
/* End PBXProject section */

/* Begin PBXResourcesBuildPhase section */
		8896B5F227E9299F005CC49D /* Resources */ = {
			isa = PBXResourcesBuildPhase;
			buildActionMask = 2147483647;
			files = (
				8896B60727E929A1005CC49D /* LaunchScreen.storyboard in Resources */,
				8896B60427E929A1005CC49D /* Assets.xcassets in Resources */,
				8896B61427E92B38005CC49D /* UserCollectionViewCell.xib in Resources */,
				8896B5FF27E929A0005CC49D /* Main.storyboard in Resources */,
			);
			runOnlyForDeploymentPostprocessing = 0;
		};
/* End PBXResourcesBuildPhase section */

/* Begin PBXSourcesBuildPhase section */
		8896B5F027E9299F005CC49D /* Sources */ = {
			isa = PBXSourcesBuildPhase;
			buildActionMask = 2147483647;
			files = (
				8896B5FC27E929A0005CC49D /* ViewController.swift in Sources */,
				8896B61A27E9361A005CC49D /* Service.swift in Sources */,
				8896B60227E929A0005CC49D /* Profiles.xcdatamodeld in Sources */,
				8896B61727E92DD7005CC49D /* User.swift in Sources */,
				8896B5F827E929A0005CC49D /* AppDelegate.swift in Sources */,
				8896B61327E92B38005CC49D /* UserCollectionViewCell.swift in Sources */,
				8896B5FA27E929A0005CC49D /* SceneDelegate.swift in Sources */,
			);
			runOnlyForDeploymentPostprocessing = 0;
		};
/* End PBXSourcesBuildPhase section */

/* Begin PBXVariantGroup section */
		8896B5FD27E929A0005CC49D /* Main.storyboard */ = {
			isa = PBXVariantGroup;
			children = (
				8896B5FE27E929A0005CC49D /* Base */,
			);
			name = Main.storyboard;
			sourceTree = "<group>";
		};
		8896B60527E929A1005CC49D /* LaunchScreen.storyboard */ = {
			isa = PBXVariantGroup;
			children = (
				8896B60627E929A1005CC49D /* Base */,
			);
			name = LaunchScreen.storyboard;
			sourceTree = "<group>";
		};
/* End PBXVariantGroup section */

/* Begin XCBuildConfiguration section */
		8896B60927E929A1005CC49D /* Debug */ = {
			isa = XCBuildConfiguration;
			buildSettings = {
				ALWAYS_SEARCH_USER_PATHS = NO;
				CLANG_ANALYZER_NONNULL = YES;
				CLANG_ANALYZER_NUMBER_OBJECT_CONVERSION = YES_AGGRESSIVE;
				CLANG_CXX_LANGUAGE_STANDARD = "gnu++17";
				CLANG_CXX_LIBRARY = "libc++";
				CLANG_ENABLE_MODULES = YES;
				CLANG_ENABLE_OBJC_ARC = YES;
				CLANG_ENABLE_OBJC_WEAK = YES;
				CLANG_WARN_BLOCK_CAPTURE_AUTORELEASING = YES;
				CLANG_WARN_BOOL_CONVERSION = YES;
				CLANG_WARN_COMMA = YES;
				CLANG_WARN_CONSTANT_CONVERSION = YES;
				CLANG_WARN_DEPRECATED_OBJC_IMPLEMENTATIONS = YES;
				CLANG_WARN_DIRECT_OBJC_ISA_USAGE = YES_ERROR;
				CLANG_WARN_DOCUMENTATION_COMMENTS = YES;
				CLANG_WARN_EMPTY_BODY = YES;
				CLANG_WARN_ENUM_CONVERSION = YES;
				CLANG_WARN_INFINITE_RECURSION = YES;
				CLANG_WARN_INT_CONVERSION = YES;
				CLANG_WARN_NON_LITERAL_NULL_CONVERSION = YES;
				CLANG_WARN_OBJC_IMPLICIT_RETAIN_SELF = YES;
				CLANG_WARN_OBJC_LITERAL_CONVERSION = YES;
				CLANG_WARN_OBJC_ROOT_CLASS = YES_ERROR;
				CLANG_WARN_QUOTED_INCLUDE_IN_FRAMEWORK_HEADER = YES;
				CLANG_WARN_RANGE_LOOP_ANALYSIS = YES;
				CLANG_WARN_STRICT_PROTOTYPES = YES;
				CLANG_WARN_SUSPICIOUS_MOVE = YES;
				CLANG_WARN_UNGUARDED_AVAILABILITY = YES_AGGRESSIVE;
				CLANG_WARN_UNREACHABLE_CODE = YES;
				CLANG_WARN__DUPLICATE_METHOD_MATCH = YES;
				COPY_PHASE_STRIP = NO;
				DEBUG_INFORMATION_FORMAT = dwarf;
				ENABLE_STRICT_OBJC_MSGSEND = YES;
				ENABLE_TESTABILITY = YES;
				GCC_C_LANGUAGE_STANDARD = gnu11;
				GCC_DYNAMIC_NO_PIC = NO;
				GCC_NO_COMMON_BLOCKS = YES;
				GCC_OPTIMIZATION_LEVEL = 0;
				GCC_PREPROCESSOR_DEFINITIONS = (
					"DEBUG=1",
					"$(inherited)",
				);
				GCC_WARN_64_TO_32_BIT_CONVERSION = YES;
				GCC_WARN_ABOUT_RETURN_TYPE = YES_ERROR;
				GCC_WARN_UNDECLARED_SELECTOR = YES;
				GCC_WARN_UNINITIALIZED_AUTOS = YES_AGGRESSIVE;
				GCC_WARN_UNUSED_FUNCTION = YES;
				GCC_WARN_UNUSED_VARIABLE = YES;
				IPHONEOS_DEPLOYMENT_TARGET = 15.2;
				MTL_ENABLE_DEBUG_INFO = INCLUDE_SOURCE;
				MTL_FAST_MATH = YES;
				ONLY_ACTIVE_ARCH = YES;
				SDKROOT = iphoneos;
				SWIFT_ACTIVE_COMPILATION_CONDITIONS = DEBUG;
				SWIFT_OPTIMIZATION_LEVEL = "-Onone";
			};
			name = Debug;
		};
		8896B60A27E929A1005CC49D /* Release */ = {
			isa = XCBuildConfiguration;
			buildSettings = {
				ALWAYS_SEARCH_USER_PATHS = NO;
				CLANG_ANALYZER_NONNULL = YES;
				CLANG_ANALYZER_NUMBER_OBJECT_CONVERSION = YES_AGGRESSIVE;
				CLANG_CXX_LANGUAGE_STANDARD = "gnu++17";
				CLANG_CXX_LIBRARY = "libc++";
				CLANG_ENABLE_MODULES = YES;
				CLANG_ENABLE_OBJC_ARC = YES;
				CLANG_ENABLE_OBJC_WEAK = YES;
				CLANG_WARN_BLOCK_CAPTURE_AUTORELEASING = YES;
				CLANG_WARN_BOOL_CONVERSION = YES;
				CLANG_WARN_COMMA = YES;
				CLANG_WARN_CONSTANT_CONVERSION = YES;
				CLANG_WARN_DEPRECATED_OBJC_IMPLEMENTATIONS = YES;
				CLANG_WARN_DIRECT_OBJC_ISA_USAGE = YES_ERROR;
				CLANG_WARN_DOCUMENTATION_COMMENTS = YES;
				CLANG_WARN_EMPTY_BODY = YES;
				CLANG_WARN_ENUM_CONVERSION = YES;
				CLANG_WARN_INFINITE_RECURSION = YES;
				CLANG_WARN_INT_CONVERSION = YES;
				CLANG_WARN_NON_LITERAL_NULL_CONVERSION = YES;
				CLANG_WARN_OBJC_IMPLICIT_RETAIN_SELF = YES;
				CLANG_WARN_OBJC_LITERAL_CONVERSION = YES;
				CLANG_WARN_OBJC_ROOT_CLASS = YES_ERROR;
				CLANG_WARN_QUOTED_INCLUDE_IN_FRAMEWORK_HEADER = YES;
				CLANG_WARN_RANGE_LOOP_ANALYSIS = YES;
				CLANG_WARN_STRICT_PROTOTYPES = YES;
				CLANG_WARN_SUSPICIOUS_MOVE = YES;
				CLANG_WARN_UNGUARDED_AVAILABILITY = YES_AGGRESSIVE;
				CLANG_WARN_UNREACHABLE_CODE = YES;
				CLANG_WARN__DUPLICATE_METHOD_MATCH = YES;
				COPY_PHASE_STRIP = NO;
				DEBUG_INFORMATION_FORMAT = "dwarf-with-dsym";
				ENABLE_NS_ASSERTIONS = NO;
				ENABLE_STRICT_OBJC_MSGSEND = YES;
				GCC_C_LANGUAGE_STANDARD = gnu11;
				GCC_NO_COMMON_BLOCKS = YES;
				GCC_WARN_64_TO_32_BIT_CONVERSION = YES;
				GCC_WARN_ABOUT_RETURN_TYPE = YES_ERROR;
				GCC_WARN_UNDECLARED_SELECTOR = YES;
				GCC_WARN_UNINITIALIZED_AUTOS = YES_AGGRESSIVE;
				GCC_WARN_UNUSED_FUNCTION = YES;
				GCC_WARN_UNUSED_VARIABLE = YES;
				IPHONEOS_DEPLOYMENT_TARGET = 15.2;
				MTL_ENABLE_DEBUG_INFO = NO;
				MTL_FAST_MATH = YES;
				SDKROOT = iphoneos;
				SWIFT_COMPILATION_MODE = wholemodule;
				SWIFT_OPTIMIZATION_LEVEL = "-O";
				VALIDATE_PRODUCT = YES;
			};
			name = Release;
		};
		8896B60C27E929A1005CC49D /* Debug */ = {
			isa = XCBuildConfiguration;
			buildSettings = {
				ASSETCATALOG_COMPILER_APPICON_NAME = AppIcon;
				ASSETCATALOG_COMPILER_GLOBAL_ACCENT_COLOR_NAME = AccentColor;
				CODE_SIGN_STYLE = Automatic;
				CURRENT_PROJECT_VERSION = 1;
				DEVELOPMENT_TEAM = YXQS68D56Q;
				GENERATE_INFOPLIST_FILE = YES;
				INFOPLIST_FILE = Profiles/Info.plist;
				INFOPLIST_KEY_UIApplicationSupportsIndirectInputEvents = YES;
				INFOPLIST_KEY_UILaunchStoryboardName = LaunchScreen;
				INFOPLIST_KEY_UIMainStoryboardFile = Main;
				INFOPLIST_KEY_UISupportedInterfaceOrientations_iPad = "UIInterfaceOrientationPortrait UIInterfaceOrientationPortraitUpsideDown UIInterfaceOrientationLandscapeLeft UIInterfaceOrientationLandscapeRight";
				INFOPLIST_KEY_UISupportedInterfaceOrientations_iPhone = "UIInterfaceOrientationPortrait UIInterfaceOrientationLandscapeLeft UIInterfaceOrientationLandscapeRight";
				LD_RUNPATH_SEARCH_PATHS = (
					"$(inherited)",
					"@executable_path/Frameworks",
				);
				MARKETING_VERSION = 1.0;
				PRODUCT_BUNDLE_IDENTIFIER = br.com.renato.Profiles;
				PRODUCT_NAME = "$(TARGET_NAME)";
				SWIFT_EMIT_LOC_STRINGS = YES;
				SWIFT_VERSION = 5.0;
				TARGETED_DEVICE_FAMILY = "1,2";
			};
			name = Debug;
		};
		8896B60D27E929A1005CC49D /* Release */ = {
			isa = XCBuildConfiguration;
			buildSettings = {
				ASSETCATALOG_COMPILER_APPICON_NAME = AppIcon;
				ASSETCATALOG_COMPILER_GLOBAL_ACCENT_COLOR_NAME = AccentColor;
				CODE_SIGN_STYLE = Automatic;
				CURRENT_PROJECT_VERSION = 1;
				DEVELOPMENT_TEAM = YXQS68D56Q;
				GENERATE_INFOPLIST_FILE = YES;
				INFOPLIST_FILE = Profiles/Info.plist;
				INFOPLIST_KEY_UIApplicationSupportsIndirectInputEvents = YES;
				INFOPLIST_KEY_UILaunchStoryboardName = LaunchScreen;
				INFOPLIST_KEY_UIMainStoryboardFile = Main;
				INFOPLIST_KEY_UISupportedInterfaceOrientations_iPad = "UIInterfaceOrientationPortrait UIInterfaceOrientationPortraitUpsideDown UIInterfaceOrientationLandscapeLeft UIInterfaceOrientationLandscapeRight";
				INFOPLIST_KEY_UISupportedInterfaceOrientations_iPhone = "UIInterfaceOrientationPortrait UIInterfaceOrientationLandscapeLeft UIInterfaceOrientationLandscapeRight";
				LD_RUNPATH_SEARCH_PATHS = (
					"$(inherited)",
					"@executable_path/Frameworks",
				);
				MARKETING_VERSION = 1.0;
				PRODUCT_BUNDLE_IDENTIFIER = br.com.renato.Profiles;
				PRODUCT_NAME = "$(TARGET_NAME)";
				SWIFT_EMIT_LOC_STRINGS = YES;
				SWIFT_VERSION = 5.0;
				TARGETED_DEVICE_FAMILY = "1,2";
			};
			name = Release;
		};
/* End XCBuildConfiguration section */

/* Begin XCConfigurationList section */
		8896B5EF27E9299F005CC49D /* Build configuration list for PBXProject "Profiles" */ = {
			isa = XCConfigurationList;
			buildConfigurations = (
				8896B60927E929A1005CC49D /* Debug */,
				8896B60A27E929A1005CC49D /* Release */,
			);
			defaultConfigurationIsVisible = 0;
			defaultConfigurationName = Release;
		};
		8896B60B27E929A1005CC49D /* Build configuration list for PBXNativeTarget "Profiles" */ = {
			isa = XCConfigurationList;
			buildConfigurations = (
				8896B60C27E929A1005CC49D /* Debug */,
				8896B60D27E929A1005CC49D /* Release */,
			);
			defaultConfigurationIsVisible = 0;
			defaultConfigurationName = Release;
		};
/* End XCConfigurationList section */

/* Begin XCVersionGroup section */
		8896B60027E929A0005CC49D /* Profiles.xcdatamodeld */ = {
			isa = XCVersionGroup;
			children = (
				8896B60127E929A0005CC49D /* Profiles.xcdatamodel */,
			);
			currentVersion = 8896B60127E929A0005CC49D /* Profiles.xcdatamodel */;
			path = Profiles.xcdatamodeld;
			sourceTree = "<group>";
			versionGroupType = wrapper.xcdatamodel;
		};
/* End XCVersionGroup section */
	};
	rootObject = 8896B5EC27E9299F005CC49D /* Project object */;
}
