// !$*UTF8*$!
{
	archiveVersion = 1;
	classes = {
	};
	objectVersion = 55;
	objects = {

/* Begin PBXBuildFile section */
		88E4754E27E552C300ABC768 /* AppDelegate.swift in Sources */ = {isa = PBXBuildFile; fileRef = 88E4754D27E552C300ABC768 /* AppDelegate.swift */; };
		88E4755027E552C300ABC768 /* SceneDelegate.swift in Sources */ = {isa = PBXBuildFile; fileRef = 88E4754F27E552C300ABC768 /* SceneDelegate.swift */; };
		88E4755227E552C300ABC768 /* ViewController.swift in Sources */ = {isa = PBXBuildFile; fileRef = 88E4755127E552C300ABC768 /* ViewController.swift */; };
		88E4755527E552C300ABC768 /* Main.storyboard in Resources */ = {isa = PBXBuildFile; fileRef = 88E4755327E552C300ABC768 /* Main.storyboard */; };
		88E4755827E552C300ABC768 /* AppNetworking.xcdatamodeld in Sources */ = {isa = PBXBuildFile; fileRef = 88E4755627E552C300ABC768 /* AppNetworking.xcdatamodeld */; };
		88E4755A27E552C500ABC768 /* Assets.xcassets in Resources */ = {isa = PBXBuildFile; fileRef = 88E4755927E552C500ABC768 /* Assets.xcassets */; };
		88E4755D27E552C500ABC768 /* LaunchScreen.storyboard in Resources */ = {isa = PBXBuildFile; fileRef = 88E4755B27E552C500ABC768 /* LaunchScreen.storyboard */; };
		88E4756627E5556E00ABC768 /* Service.swift in Sources */ = {isa = PBXBuildFile; fileRef = 88E4756527E5556E00ABC768 /* Service.swift */; };
		88E4756927E558CB00ABC768 /* User.swift in Sources */ = {isa = PBXBuildFile; fileRef = 88E4756827E558CB00ABC768 /* User.swift */; };
/* End PBXBuildFile section */

/* Begin PBXFileReference section */
		88E4754A27E552C300ABC768 /* AppNetworking.app */ = {isa = PBXFileReference; explicitFileType = wrapper.application; includeInIndex = 0; path = AppNetworking.app; sourceTree = BUILT_PRODUCTS_DIR; };
		88E4754D27E552C300ABC768 /* AppDelegate.swift */ = {isa = PBXFileReference; lastKnownFileType = sourcecode.swift; path = AppDelegate.swift; sourceTree = "<group>"; };
		88E4754F27E552C300ABC768 /* SceneDelegate.swift */ = {isa = PBXFileReference; lastKnownFileType = sourcecode.swift; path = SceneDelegate.swift; sourceTree = "<group>"; };
		88E4755127E552C300ABC768 /* ViewController.swift */ = {isa = PBXFileReference; lastKnownFileType = sourcecode.swift; path = ViewController.swift; sourceTree = "<group>"; };
		88E4755427E552C300ABC768 /* Base */ = {isa = PBXFileReference; lastKnownFileType = file.storyboard; name = Base; path = Base.lproj/Main.storyboard; sourceTree = "<group>"; };
		88E4755727E552C300ABC768 /* AppNetworking.xcdatamodel */ = {isa = PBXFileReference; lastKnownFileType = wrapper.xcdatamodel; path = AppNetworking.xcdatamodel; sourceTree = "<group>"; };
		88E4755927E552C500ABC768 /* Assets.xcassets */ = {isa = PBXFileReference; lastKnownFileType = folder.assetcatalog; path = Assets.xcassets; sourceTree = "<group>"; };
		88E4755C27E552C500ABC768 /* Base */ = {isa = PBXFileReference; lastKnownFileType = file.storyboard; name = Base; path = Base.lproj/LaunchScreen.storyboard; sourceTree = "<group>"; };
		88E4755E27E552C500ABC768 /* Info.plist */ = {isa = PBXFileReference; lastKnownFileType = text.plist.xml; path = Info.plist; sourceTree = "<group>"; };
		88E4756527E5556E00ABC768 /* Service.swift */ = {isa = PBXFileReference; lastKnownFileType = sourcecode.swift; path = Service.swift; sourceTree = "<group>"; };
		88E4756827E558CB00ABC768 /* User.swift */ = {isa = PBXFileReference; lastKnownFileType = sourcecode.swift; path = User.swift; sourceTree = "<group>"; };
/* End PBXFileReference section */

/* Begin PBXFrameworksBuildPhase section */
		88E4754727E552C300ABC768 /* Frameworks */ = {
			isa = PBXFrameworksBuildPhase;
			buildActionMask = 2147483647;
			files = (
			);
			runOnlyForDeploymentPostprocessing = 0;
		};
/* End PBXFrameworksBuildPhase section */

/* Begin PBXGroup section */
		88E4754127E552C200ABC768 = {
			isa = PBXGroup;
			children = (
				88E4754C27E552C300ABC768 /* AppNetworking */,
				88E4754B27E552C300ABC768 /* Products */,
			);
			sourceTree = "<group>";
		};
		88E4754B27E552C300ABC768 /* Products */ = {
			isa = PBXGroup;
			children = (
				88E4754A27E552C300ABC768 /* AppNetworking.app */,
			);
			name = Products;
			sourceTree = "<group>";
		};
		88E4754C27E552C300ABC768 /* AppNetworking */ = {
			isa = PBXGroup;
			children = (
				88E4756727E558BE00ABC768 /* Model */,
				88E4756427E5555F00ABC768 /* Service */,
				88E4754D27E552C300ABC768 /* AppDelegate.swift */,
				88E4754F27E552C300ABC768 /* SceneDelegate.swift */,
				88E4755127E552C300ABC768 /* ViewController.swift */,
				88E4755327E552C300ABC768 /* Main.storyboard */,
				88E4755927E552C500ABC768 /* Assets.xcassets */,
				88E4755B27E552C500ABC768 /* LaunchScreen.storyboard */,
				88E4755E27E552C500ABC768 /* Info.plist */,
				88E4755627E552C300ABC768 /* AppNetworking.xcdatamodeld */,
			);
			path = AppNetworking;
			sourceTree = "<group>";
		};
		88E4756427E5555F00ABC768 /* Service */ = {
			isa = PBXGroup;
			children = (
				88E4756527E5556E00ABC768 /* Service.swift */,
			);
			path = Service;
			sourceTree = "<group>";
		};
		88E4756727E558BE00ABC768 /* Model */ = {
			isa = PBXGroup;
			children = (
				88E4756827E558CB00ABC768 /* User.swift */,
			);
			path = Model;
			sourceTree = "<group>";
		};
/* End PBXGroup section */

/* Begin PBXNativeTarget section */
		88E4754927E552C300ABC768 /* AppNetworking */ = {
			isa = PBXNativeTarget;
			buildConfigurationList = 88E4756127E552C500ABC768 /* Build configuration list for PBXNativeTarget "AppNetworking" */;
			buildPhases = (
				88E4754627E552C300ABC768 /* Sources */,
				88E4754727E552C300ABC768 /* Frameworks */,
				88E4754827E552C300ABC768 /* Resources */,
			);
			buildRules = (
			);
			dependencies = (
			);
			name = AppNetworking;
			productName = AppNetworking;
			productReference = 88E4754A27E552C300ABC768 /* AppNetworking.app */;
			productType = "com.apple.product-type.application";
		};
/* End PBXNativeTarget section */

/* Begin PBXProject section */
		88E4754227E552C200ABC768 /* Project object */ = {
			isa = PBXProject;
			attributes = {
				BuildIndependentTargetsInParallel = 1;
				LastSwiftUpdateCheck = 1320;
				LastUpgradeCheck = 1320;
				TargetAttributes = {
					88E4754927E552C300ABC768 = {
						CreatedOnToolsVersion = 13.2.1;
					};
				};
			};
			buildConfigurationList = 88E4754527E552C200ABC768 /* Build configuration list for PBXProject "AppNetworking" */;
			compatibilityVersion = "Xcode 13.0";
			developmentRegion = en;
			hasScannedForEncodings = 0;
			knownRegions = (
				en,
				Base,
			);
			mainGroup = 88E4754127E552C200ABC768;
			productRefGroup = 88E4754B27E552C300ABC768 /* Products */;
			projectDirPath = "";
			projectRoot = "";
			targets = (
				88E4754927E552C300ABC768 /* AppNetworking */,
			);
		};
/* End PBXProject section */

/* Begin PBXResourcesBuildPhase section */
		88E4754827E552C300ABC768 /* Resources */ = {
			isa = PBXResourcesBuildPhase;
			buildActionMask = 2147483647;
			files = (
				88E4755D27E552C500ABC768 /* LaunchScreen.storyboard in Resources */,
				88E4755A27E552C500ABC768 /* Assets.xcassets in Resources */,
				88E4755527E552C300ABC768 /* Main.storyboard in Resources */,
			);
			runOnlyForDeploymentPostprocessing = 0;
		};
/* End PBXResourcesBuildPhase section */

/* Begin PBXSourcesBuildPhase section */
		88E4754627E552C300ABC768 /* Sources */ = {
			isa = PBXSourcesBuildPhase;
			buildActionMask = 2147483647;
			files = (
				88E4755227E552C300ABC768 /* ViewController.swift in Sources */,
				88E4754E27E552C300ABC768 /* AppDelegate.swift in Sources */,
				88E4756927E558CB00ABC768 /* User.swift in Sources */,
				88E4756627E5556E00ABC768 /* Service.swift in Sources */,
				88E4755027E552C300ABC768 /* SceneDelegate.swift in Sources */,
				88E4755827E552C300ABC768 /* AppNetworking.xcdatamodeld in Sources */,
			);
			runOnlyForDeploymentPostprocessing = 0;
		};
/* End PBXSourcesBuildPhase section */

/* Begin PBXVariantGroup section */
		88E4755327E552C300ABC768 /* Main.storyboard */ = {
			isa = PBXVariantGroup;
			children = (
				88E4755427E552C300ABC768 /* Base */,
			);
			name = Main.storyboard;
			sourceTree = "<group>";
		};
		88E4755B27E552C500ABC768 /* LaunchScreen.storyboard */ = {
			isa = PBXVariantGroup;
			children = (
				88E4755C27E552C500ABC768 /* Base */,
			);
			name = LaunchScreen.storyboard;
			sourceTree = "<group>";
		};
/* End PBXVariantGroup section */

/* Begin XCBuildConfiguration section */
		88E4755F27E552C500ABC768 /* Debug */ = {
			isa = XCBuildConfiguration;
			buildSettings = {
				ALWAYS_SEARCH_USER_PATHS = NO;
				CLANG_ANALYZER_NONNULL = YES;
				CLANG_ANALYZER_NUMBER_OBJECT_CONVERSION = YES_AGGRESSIVE;
				CLANG_CXX_LANGUAGE_STANDARD = "gnu++17";
				CLANG_CXX_LIBRARY = "libc++";
				CLANG_ENABLE_MODULES = YES;
				CLANG_ENABLE_OBJC_ARC = YES;
				CLANG_ENABLE_OBJC_WEAK = YES;
				CLANG_WARN_BLOCK_CAPTURE_AUTORELEASING = YES;
				CLANG_WARN_BOOL_CONVERSION = YES;
				CLANG_WARN_COMMA = YES;
				CLANG_WARN_CONSTANT_CONVERSION = YES;
				CLANG_WARN_DEPRECATED_OBJC_IMPLEMENTATIONS = YES;
				CLANG_WARN_DIRECT_OBJC_ISA_USAGE = YES_ERROR;
				CLANG_WARN_DOCUMENTATION_COMMENTS = YES;
				CLANG_WARN_EMPTY_BODY = YES;
				CLANG_WARN_ENUM_CONVERSION = YES;
				CLANG_WARN_INFINITE_RECURSION = YES;
				CLANG_WARN_INT_CONVERSION = YES;
				CLANG_WARN_NON_LITERAL_NULL_CONVERSION = YES;
				CLANG_WARN_OBJC_IMPLICIT_RETAIN_SELF = YES;
				CLANG_WARN_OBJC_LITERAL_CONVERSION = YES;
				CLANG_WARN_OBJC_ROOT_CLASS = YES_ERROR;
				CLANG_WARN_QUOTED_INCLUDE_IN_FRAMEWORK_HEADER = YES;
				CLANG_WARN_RANGE_LOOP_ANALYSIS = YES;
				CLANG_WARN_STRICT_PROTOTYPES = YES;
				CLANG_WARN_SUSPICIOUS_MOVE = YES;
				CLANG_WARN_UNGUARDED_AVAILABILITY = YES_AGGRESSIVE;
				CLANG_WARN_UNREACHABLE_CODE = YES;
				CLANG_WARN__DUPLICATE_METHOD_MATCH = YES;
				COPY_PHASE_STRIP = NO;
				DEBUG_INFORMATION_FORMAT = dwarf;
				ENABLE_STRICT_OBJC_MSGSEND = YES;
				ENABLE_TESTABILITY = YES;
				GCC_C_LANGUAGE_STANDARD = gnu11;
				GCC_DYNAMIC_NO_PIC = NO;
				GCC_NO_COMMON_BLOCKS = YES;
				GCC_OPTIMIZATION_LEVEL = 0;
				GCC_PREPROCESSOR_DEFINITIONS = (
					"DEBUG=1",
					"$(inherited)",
				);
				GCC_WARN_64_TO_32_BIT_CONVERSION = YES;
				GCC_WARN_ABOUT_RETURN_TYPE = YES_ERROR;
				GCC_WARN_UNDECLARED_SELECTOR = YES;
				GCC_WARN_UNINITIALIZED_AUTOS = YES_AGGRESSIVE;
				GCC_WARN_UNUSED_FUNCTION = YES;
				GCC_WARN_UNUSED_VARIABLE = YES;
				IPHONEOS_DEPLOYMENT_TARGET = 15.2;
				MTL_ENABLE_DEBUG_INFO = INCLUDE_SOURCE;
				MTL_FAST_MATH = YES;
				ONLY_ACTIVE_ARCH = YES;
				SDKROOT = iphoneos;
				SWIFT_ACTIVE_COMPILATION_CONDITIONS = DEBUG;
				SWIFT_OPTIMIZATION_LEVEL = "-Onone";
			};
			name = Debug;
		};
		88E4756027E552C500ABC768 /* Release */ = {
			isa = XCBuildConfiguration;
			buildSettings = {
				ALWAYS_SEARCH_USER_PATHS = NO;
				CLANG_ANALYZER_NONNULL = YES;
				CLANG_ANALYZER_NUMBER_OBJECT_CONVERSION = YES_AGGRESSIVE;
				CLANG_CXX_LANGUAGE_STANDARD = "gnu++17";
				CLANG_CXX_LIBRARY = "libc++";
				CLANG_ENABLE_MODULES = YES;
				CLANG_ENABLE_OBJC_ARC = YES;
				CLANG_ENABLE_OBJC_WEAK = YES;
				CLANG_WARN_BLOCK_CAPTURE_AUTORELEASING = YES;
				CLANG_WARN_BOOL_CONVERSION = YES;
				CLANG_WARN_COMMA = YES;
				CLANG_WARN_CONSTANT_CONVERSION = YES;
				CLANG_WARN_DEPRECATED_OBJC_IMPLEMENTATIONS = YES;
				CLANG_WARN_DIRECT_OBJC_ISA_USAGE = YES_ERROR;
				CLANG_WARN_DOCUMENTATION_COMMENTS = YES;
				CLANG_WARN_EMPTY_BODY = YES;
				CLANG_WARN_ENUM_CONVERSION = YES;
				CLANG_WARN_INFINITE_RECURSION = YES;
				CLANG_WARN_INT_CONVERSION = YES;
				CLANG_WARN_NON_LITERAL_NULL_CONVERSION = YES;
				CLANG_WARN_OBJC_IMPLICIT_RETAIN_SELF = YES;
				CLANG_WARN_OBJC_LITERAL_CONVERSION = YES;
				CLANG_WARN_OBJC_ROOT_CLASS = YES_ERROR;
				CLANG_WARN_QUOTED_INCLUDE_IN_FRAMEWORK_HEADER = YES;
				CLANG_WARN_RANGE_LOOP_ANALYSIS = YES;
				CLANG_WARN_STRICT_PROTOTYPES = YES;
				CLANG_WARN_SUSPICIOUS_MOVE = YES;
				CLANG_WARN_UNGUARDED_AVAILABILITY = YES_AGGRESSIVE;
				CLANG_WARN_UNREACHABLE_CODE = YES;
				CLANG_WARN__DUPLICATE_METHOD_MATCH = YES;
				COPY_PHASE_STRIP = NO;
				DEBUG_INFORMATION_FORMAT = "dwarf-with-dsym";
				ENABLE_NS_ASSERTIONS = NO;
				ENABLE_STRICT_OBJC_MSGSEND = YES;
				GCC_C_LANGUAGE_STANDARD = gnu11;
				GCC_NO_COMMON_BLOCKS = YES;
				GCC_WARN_64_TO_32_BIT_CONVERSION = YES;
				GCC_WARN_ABOUT_RETURN_TYPE = YES_ERROR;
				GCC_WARN_UNDECLARED_SELECTOR = YES;
				GCC_WARN_UNINITIALIZED_AUTOS = YES_AGGRESSIVE;
				GCC_WARN_UNUSED_FUNCTION = YES;
				GCC_WARN_UNUSED_VARIABLE = YES;
				IPHONEOS_DEPLOYMENT_TARGET = 15.2;
				MTL_ENABLE_DEBUG_INFO = NO;
				MTL_FAST_MATH = YES;
				SDKROOT = iphoneos;
				SWIFT_COMPILATION_MODE = wholemodule;
				SWIFT_OPTIMIZATION_LEVEL = "-O";
				VALIDATE_PRODUCT = YES;
			};
			name = Release;
		};
		88E4756227E552C500ABC768 /* Debug */ = {
			isa = XCBuildConfiguration;
			buildSettings = {
				ASSETCATALOG_COMPILER_APPICON_NAME = AppIcon;
				ASSETCATALOG_COMPILER_GLOBAL_ACCENT_COLOR_NAME = AccentColor;
				CODE_SIGN_STYLE = Automatic;
				CURRENT_PROJECT_VERSION = 1;
				DEVELOPMENT_TEAM = YXQS68D56Q;
				GENERATE_INFOPLIST_FILE = YES;
				INFOPLIST_FILE = AppNetworking/Info.plist;
				INFOPLIST_KEY_UIApplicationSupportsIndirectInputEvents = YES;
				INFOPLIST_KEY_UILaunchStoryboardName = LaunchScreen;
				INFOPLIST_KEY_UIMainStoryboardFile = Main;
				INFOPLIST_KEY_UISupportedInterfaceOrientations_iPad = "UIInterfaceOrientationPortrait UIInterfaceOrientationPortraitUpsideDown UIInterfaceOrientationLandscapeLeft UIInterfaceOrientationLandscapeRight";
				INFOPLIST_KEY_UISupportedInterfaceOrientations_iPhone = "UIInterfaceOrientationPortrait UIInterfaceOrientationLandscapeLeft UIInterfaceOrientationLandscapeRight";
				LD_RUNPATH_SEARCH_PATHS = (
					"$(inherited)",
					"@executable_path/Frameworks",
				);
				MARKETING_VERSION = 1.0;
				PRODUCT_BUNDLE_IDENTIFIER = br.com.renato.AppNetworking;
				PRODUCT_NAME = "$(TARGET_NAME)";
				SWIFT_EMIT_LOC_STRINGS = YES;
				SWIFT_VERSION = 5.0;
				TARGETED_DEVICE_FAMILY = "1,2";
			};
			name = Debug;
		};
		88E4756327E552C500ABC768 /* Release */ = {
			isa = XCBuildConfiguration;
			buildSettings = {
				ASSETCATALOG_COMPILER_APPICON_NAME = AppIcon;
				ASSETCATALOG_COMPILER_GLOBAL_ACCENT_COLOR_NAME = AccentColor;
				CODE_SIGN_STYLE = Automatic;
				CURRENT_PROJECT_VERSION = 1;
				DEVELOPMENT_TEAM = YXQS68D56Q;
				GENERATE_INFOPLIST_FILE = YES;
				INFOPLIST_FILE = AppNetworking/Info.plist;
				INFOPLIST_KEY_UIApplicationSupportsIndirectInputEvents = YES;
				INFOPLIST_KEY_UILaunchStoryboardName = LaunchScreen;
				INFOPLIST_KEY_UIMainStoryboardFile = Main;
				INFOPLIST_KEY_UISupportedInterfaceOrientations_iPad = "UIInterfaceOrientationPortrait UIInterfaceOrientationPortraitUpsideDown UIInterfaceOrientationLandscapeLeft UIInterfaceOrientationLandscapeRight";
				INFOPLIST_KEY_UISupportedInterfaceOrientations_iPhone = "UIInterfaceOrientationPortrait UIInterfaceOrientationLandscapeLeft UIInterfaceOrientationLandscapeRight";
				LD_RUNPATH_SEARCH_PATHS = (
					"$(inherited)",
					"@executable_path/Frameworks",
				);
				MARKETING_VERSION = 1.0;
				PRODUCT_BUNDLE_IDENTIFIER = br.com.renato.AppNetworking;
				PRODUCT_NAME = "$(TARGET_NAME)";
				SWIFT_EMIT_LOC_STRINGS = YES;
				SWIFT_VERSION = 5.0;
				TARGETED_DEVICE_FAMILY = "1,2";
			};
			name = Release;
		};
/* End XCBuildConfiguration section */

/* Begin XCConfigurationList section */
		88E4754527E552C200ABC768 /* Build configuration list for PBXProject "AppNetworking" */ = {
			isa = XCConfigurationList;
			buildConfigurations = (
				88E4755F27E552C500ABC768 /* Debug */,
				88E4756027E552C500ABC768 /* Release */,
			);
			defaultConfigurationIsVisible = 0;
			defaultConfigurationName = Release;
		};
		88E4756127E552C500ABC768 /* Build configuration list for PBXNativeTarget "AppNetworking" */ = {
			isa = XCConfigurationList;
			buildConfigurations = (
				88E4756227E552C500ABC768 /* Debug */,
				88E4756327E552C500ABC768 /* Release */,
			);
			defaultConfigurationIsVisible = 0;
			defaultConfigurationName = Release;
		};
/* End XCConfigurationList section */

/* Begin XCVersionGroup section */
		88E4755627E552C300ABC768 /* AppNetworking.xcdatamodeld */ = {
			isa = XCVersionGroup;
			children = (
				88E4755727E552C300ABC768 /* AppNetworking.xcdatamodel */,
			);
			currentVersion = 88E4755727E552C300ABC768 /* AppNetworking.xcdatamodel */;
			path = AppNetworking.xcdatamodeld;
			sourceTree = "<group>";
			versionGroupType = wrapper.xcdatamodel;
		};
/* End XCVersionGroup section */
	};
	rootObject = 88E4754227E552C200ABC768 /* Project object */;
}
